<?xml version="1.0" encoding="utf-8"?>
<Project ToolsVersion="4.0" xmlns="http://schemas.microsoft.com/developer/msbuild/2003">
  <ItemGroup>
    <Filter Include="Source Files">
      <UniqueIdentifier>{4FC737F1-C7A5-4376-A066-2A32D752A2FF}</UniqueIdentifier>
      <Extensions>cpp;c;cc;cxx;def;odl;idl;hpj;bat;asm;asmx</Extensions>
    </Filter>
    <Filter Include="Header Files">
      <UniqueIdentifier>{93995380-89BD-4b04-88EB-625FBE52EBFB}</UniqueIdentifier>
      <Extensions>h;hh;hpp;hxx;hm;inl;inc;ipp;xsd</Extensions>
    </Filter>
    <Filter Include="Resource Files">
      <UniqueIdentifier>{67DA6AB6-F800-4c08-8B7A-83BB121AAD01}</UniqueIdentifier>
      <Extensions>rc;ico;cur;bmp;dlg;rc2;rct;bin;rgs;gif;jpg;jpeg;jpe;resx;tiff;tif;png;wav;mfcribbon-ms</Extensions>
    </Filter>
  </ItemGroup>
  <ItemGroup>
    <ClInclude Include="stdafx.h">
      <Filter>Header Files</Filter>
    </ClInclude>
    <ClInclude Include="targetver.h">
      <Filter>Header Files</Filter>
    </ClInclude>
    <ClInclude Include="Resource.h">
      <Filter>Header Files</Filter>
    </ClInclude>
    <ClInclude Include="Feyler.h">
      <Filter>Header Files</Filter>
    </ClInclude>
    <ClInclude Include="AppHeaderElement.h">
      <Filter>Header Files</Filter>
    </ClInclude>
    <ClInclude Include="ArtistOverviewView.h">
      <Filter>Header Files</Filter>
    </ClInclude>
    <ClInclude Include="ArtistView.h">
      <Filter>Header Files</Filter>
    </ClInclude>
    <ClInclude Include="BoxElement.h">
      <Filter>Header Files</Filter>
    </ClInclude>
    <ClInclude Include="boxmodel.h">
      <Filter>Header Files</Filter>
    </ClInclude>
    <ClInclude Include="ButtonElement.h">
      <Filter>Header Files</Filter>
    </ClInclude>
    <ClInclude Include="Color.h">
      <Filter>Header Files</Filter>
    </ClInclude>
    <ClInclude Include="ContainerViewElement.h">
      <Filter>Header Files</Filter>
    </ClInclude>
    <ClInclude Include="DoctrineView.h">
      <Filter>Header Files</Filter>
    </ClInclude>
    <ClInclude Include="DOMViewElement.h">
      <Filter>Header Files</Filter>
    </ClInclude>
    <ClInclude Include="Element.h">
      <Filter>Header Files</Filter>
    </ClInclude>
    <ClInclude Include="elements.h">
      <Filter>Header Files</Filter>
    </ClInclude>
    <ClInclude Include="Entity.h">
      <Filter>Header Files</Filter>
    </ClInclude>
    <ClInclude Include="EventArgs.h">
      <Filter>Header Files</Filter>
    </ClInclude>
    <ClInclude Include="FlowElement.h">
      <Filter>Header Files</Filter>
    </ClInclude>
    <ClInclude Include="FontStyle.h">
      <Filter>Header Files</Filter>
    </ClInclude>
    <ClInclude Include="GraphicsContext.h">
      <Filter>Header Files</Filter>
    </ClInclude>
    <ClInclude Include="HBoxElement.h">
      <Filter>Header Files</Filter>
    </ClInclude>
    <ClInclude Include="HeaderElement.h">
      <Filter>Header Files</Filter>
    </ClInclude>
    <ClInclude Include="HTML.h">
      <Filter>Header Files</Filter>
    </ClInclude>
    <ClInclude Include="Image.h">
      <Filter>Header Files</Filter>
    </ClInclude>
    <ClInclude Include="ImageElement.h">
      <Filter>Header Files</Filter>
    </ClInclude>
    <ClInclude Include="ImageLibrary.h">
      <Filter>Header Files</Filter>
    </ClInclude>
    <ClInclude Include="InfoElement.h">
      <Filter>Header Files</Filter>
    </ClInclude>
    <ClInclude Include="InputElement.h">
      <Filter>Header Files</Filter>
    </ClInclude>
    <ClInclude Include="InputEventArgs.h">
      <Filter>Header Files</Filter>
    </ClInclude>
    <ClInclude Include="IRequestHandler.h">
      <Filter>Header Files</Filter>
    </ClInclude>
    <ClInclude Include="libspider.h">
      <Filter>Header Files</Filter>
    </ClInclude>
    <ClInclude Include="LinkElement.h">
      <Filter>Header Files</Filter>
    </ClInclude>
    <ClInclude Include="luahtml.h">
      <Filter>Header Files</Filter>
    </ClInclude>
    <ClInclude Include="main.h">
      <Filter>Header Files</Filter>
    </ClInclude>
    <ClInclude Include="MainWindowElement.h">
      <Filter>Header Files</Filter>
    </ClInclude>
    <ClInclude Include="MockTableDataSource.h">
      <Filter>Header Files</Filter>
    </ClInclude>
    <ClInclude Include="MouseEventArgs.h">
      <Filter>Header Files</Filter>
    </ClInclude>
    <ClInclude Include="Node.h">
      <Filter>Header Files</Filter>
    </ClInclude>
    <ClInclude Include="Observable.h">
      <Filter>Header Files</Filter>
    </ClInclude>
    <ClInclude Include="Observer.h">
      <Filter>Header Files</Filter>
    </ClInclude>
    <ClInclude Include="PlayQueueView.h">
      <Filter>Header Files</Filter>
    </ClInclude>
    <ClInclude Include="Request.h">
      <Filter>Header Files</Filter>
    </ClInclude>
    <ClInclude Include="ResourceElement.h">
      <Filter>Header Files</Filter>
    </ClInclude>
    <ClInclude Include="Response.h">
      <Filter>Header Files</Filter>
    </ClInclude>
    <ClInclude Include="Server.h">
      <Filter>Header Files</Filter>
    </ClInclude>
    <ClInclude Include="Skin.h">
      <Filter>Header Files</Filter>
    </ClInclude>
    <ClInclude Include="SpiderServer.h">
      <Filter>Header Files</Filter>
    </ClInclude>
    <ClInclude Include="SplitterElement.h">
      <Filter>Header Files</Filter>
    </ClInclude>
    <ClInclude Include="Spoyler.h">
      <Filter>Header Files</Filter>
    </ClInclude>
    <ClInclude Include="SPType.h">
      <Filter>Header Files</Filter>
    </ClInclude>
    <ClInclude Include="StandardTableDataSource.h">
      <Filter>Header Files</Filter>
    </ClInclude>
    <ClInclude Include="StartView.h">
      <Filter>Header Files</Filter>
    </ClInclude>
    <ClInclude Include="Stylesheet.h">
      <Filter>Header Files</Filter>
    </ClInclude>
    <ClInclude Include="TabBarElement.h">
      <Filter>Header Files</Filter>
    </ClInclude>
    <ClInclude Include="TabbarView.h">
      <Filter>Header Files</Filter>
    </ClInclude>
    <ClInclude Include="TabbarViewElement.h">
      <Filter>Header Files</Filter>
    </ClInclude>
    <ClInclude Include="TableCell.h">
      <Filter>Header Files</Filter>
    </ClInclude>
    <ClInclude Include="TableColumn.h">
      <Filter>Header Files</Filter>
    </ClInclude>
    <ClInclude Include="TableColumnHeader.h">
      <Filter>Header Files</Filter>
    </ClInclude>
    <ClInclude Include="TableDataSource.h">
      <Filter>Header Files</Filter>
    </ClInclude>
    <ClInclude Include="TableElement.h">
      <Filter>Header Files</Filter>
    </ClInclude>
    <ClInclude Include="TableRow.h">
      <Filter>Header Files</Filter>
    </ClInclude>
    <ClInclude Include="TableRowElement.h">
      <Filter>Header Files</Filter>
    </ClInclude>
    <ClInclude Include="TableViewElement.h">
      <Filter>Header Files</Filter>
    </ClInclude>
    <ClInclude Include="TextElement.h">
      <Filter>Header Files</Filter>
    </ClInclude>
    <ClInclude Include="TitleElement.h">
      <Filter>Header Files</Filter>
    </ClInclude>
    <ClInclude Include="TopListView.h">
      <Filter>Header Files</Filter>
    </ClInclude>
    <ClInclude Include="TreeAdapter.h">
      <Filter>Header Files</Filter>
    </ClInclude>
    <ClInclude Include="TreeItem.h">
      <Filter>Header Files</Filter>
    </ClInclude>
    <ClInclude Include="TreeViewElement.h">
      <Filter>Header Files</Filter>
    </ClInclude>
    <ClInclude Include="Uri.h">
      <Filter>Header Files</Filter>
    </ClInclude>
    <ClInclude Include="UserView.h">
      <Filter>Header Files</Filter>
    </ClInclude>
    <ClInclude Include="w.h">
      <Filter>Header Files</Filter>
    </ClInclude>
    <ClInclude Include="VBox.h">
      <Filter>Header Files</Filter>
    </ClInclude>
    <ClInclude Include="VBoxElement.h">
      <Filter>Header Files</Filter>
    </ClInclude>
    <ClInclude Include="WhatsNewView.h">
      <Filter>Header Files</Filter>
    </ClInclude>
    <ClInclude Include="ViewElement.h">
      <Filter>Header Files</Filter>
    </ClInclude>
    <ClInclude Include="ViewStackElement.h">
      <Filter>Header Files</Filter>
    </ClInclude>
    <ClInclude Include="Win32GraphicsContext.h">
      <Filter>Header Files</Filter>
    </ClInclude>
    <ClInclude Include="WindowElement.h">
      <Filter>Header Files</Filter>
    </ClInclude>
    <ClInclude Include="Bounds.h">
      <Filter>Header Files</Filter>
    </ClInclude>
  </ItemGroup>
  <ItemGroup>
    <ClCompile Include="stdafx.cpp">
      <Filter>Source Files</Filter>
    </ClCompile>
    <ClCompile Include="Feyler.cpp">
      <Filter>Source Files</Filter>
    </ClCompile>
    <ClCompile Include="AppHeaderElement.cpp">
      <Filter>Source Files</Filter>
    </ClCompile>
    <ClCompile Include="ArtistOverviewView.cpp">
      <Filter>Source Files</Filter>
    </ClCompile>
    <ClCompile Include="ArtistView.cpp">
      <Filter>Source Files</Filter>
    </ClCompile>
    <ClCompile Include="BoxElement.cpp">
      <Filter>Source Files</Filter>
    </ClCompile>
    <ClCompile Include="boxmodel.cpp">
      <Filter>Source Files</Filter>
    </ClCompile>
    <ClCompile Include="ButtonElement.cpp">
      <Filter>Source Files</Filter>
    </ClCompile>
    <ClCompile Include="Color.cpp">
      <Filter>Source Files</Filter>
    </ClCompile>
    <ClCompile Include="ContainerViewElement.cpp">
      <Filter>Source Files</Filter>
    </ClCompile>
    <ClCompile Include="DoctrineView.cpp">
      <Filter>Source Files</Filter>
    </ClCompile>
    <ClCompile Include="DOMViewElement.cpp">
      <Filter>Source Files</Filter>
    </ClCompile>
    <ClCompile Include="Element.cpp">
      <Filter>Source Files</Filter>
    </ClCompile>
    <ClCompile Include="Entity.cpp">
      <Filter>Source Files</Filter>
    </ClCompile>
    <ClCompile Include="EventArgs.cpp">
      <Filter>Source Files</Filter>
    </ClCompile>
    <ClCompile Include="FlowElement.cpp">
      <Filter>Source Files</Filter>
    </ClCompile>
    <ClCompile Include="FontStyle.cpp">
      <Filter>Source Files</Filter>
    </ClCompile>
    <ClCompile Include="GraphicsContext.cpp">
      <Filter>Source Files</Filter>
    </ClCompile>
    <ClCompile Include="HBoxElement.cpp">
      <Filter>Source Files</Filter>
    </ClCompile>
    <ClCompile Include="HeaderElement.cpp">
      <Filter>Source Files</Filter>
    </ClCompile>
    <ClCompile Include="HTML.cpp">
      <Filter>Source Files</Filter>
    </ClCompile>
    <ClCompile Include="Image.cpp">
      <Filter>Source Files</Filter>
    </ClCompile>
    <ClCompile Include="ImageElement.cpp">
      <Filter>Source Files</Filter>
    </ClCompile>
    <ClCompile Include="ImageLibrary.cpp">
      <Filter>Source Files</Filter>
    </ClCompile>
    <ClCompile Include="InfoElement.cpp">
      <Filter>Source Files</Filter>
    </ClCompile>
    <ClCompile Include="InputElement.cpp">
      <Filter>Source Files</Filter>
    </ClCompile>
    <ClCompile Include="InputEventArgs.cpp">
      <Filter>Source Files</Filter>
    </ClCompile>
    <ClCompile Include="IRequestHandler.cpp">
      <Filter>Source Files</Filter>
    </ClCompile>
    <ClCompile Include="libspider.cpp">
      <Filter>Source Files</Filter>
    </ClCompile>
    <ClCompile Include="LinkElement.cpp">
      <Filter>Source Files</Filter>
    </ClCompile>
    <ClCompile Include="main.cpp">
      <Filter>Source Files</Filter>
    </ClCompile>
    <ClCompile Include="MainWindowElement.cpp">
      <Filter>Source Files</Filter>
    </ClCompile>
    <ClCompile Include="MockTableDataSource.cpp">
      <Filter>Source Files</Filter>
    </ClCompile>
    <ClCompile Include="MouseEventArgs.cpp">
      <Filter>Source Files</Filter>
    </ClCompile>
    <ClCompile Include="Node.cpp">
      <Filter>Source Files</Filter>
    </ClCompile>
    <ClCompile Include="Observable.cpp">
      <Filter>Source Files</Filter>
    </ClCompile>
    <ClCompile Include="Observer.cpp">
      <Filter>Source Files</Filter>
    </ClCompile>
    <ClCompile Include="PlayQueueView.cpp">
      <Filter>Source Files</Filter>
    </ClCompile>
    <ClCompile Include="Request.cpp">
      <Filter>Source Files</Filter>
    </ClCompile>
    <ClCompile Include="Resource.cpp">
      <Filter>Source Files</Filter>
    </ClCompile>
    <ClCompile Include="ResourceElement.cpp">
      <Filter>Source Files</Filter>
    </ClCompile>
    <ClCompile Include="Response.cpp">
      <Filter>Source Files</Filter>
    </ClCompile>
    <ClCompile Include="Server.cpp">
      <Filter>Source Files</Filter>
    </ClCompile>
    <ClCompile Include="Skin.cpp">
      <Filter>Source Files</Filter>
    </ClCompile>
    <ClCompile Include="SpiderServer.cpp">
      <Filter>Source Files</Filter>
    </ClCompile>
    <ClCompile Include="SplitterElement.cpp">
      <Filter>Source Files</Filter>
    </ClCompile>
    <ClCompile Include="Spoyler.cpp">
      <Filter>Source Files</Filter>
    </ClCompile>
    <ClCompile Include="SPType.cpp">
      <Filter>Source Files</Filter>
    </ClCompile>
    <ClCompile Include="StandardTableDataSource.cpp">
      <Filter>Source Files</Filter>
    </ClCompile>
    <ClCompile Include="StartView.cpp">
      <Filter>Source Files</Filter>
    </ClCompile>
    <ClCompile Include="Stylesheet.cpp">
      <Filter>Source Files</Filter>
    </ClCompile>
    <ClCompile Include="TabBarElement.cpp">
      <Filter>Source Files</Filter>
    </ClCompile>
    <ClCompile Include="TabbarView.cpp">
      <Filter>Source Files</Filter>
    </ClCompile>
    <ClCompile Include="TabbarViewElement.cpp">
      <Filter>Source Files</Filter>
    </ClCompile>
    <ClCompile Include="TableCell.cpp">
      <Filter>Source Files</Filter>
    </ClCompile>
    <ClCompile Include="TableColumn.cpp">
      <Filter>Source Files</Filter>
    </ClCompile>
    <ClCompile Include="TableColumnHeader.cpp">
      <Filter>Source Files</Filter>
    </ClCompile>
    <ClCompile Include="TableDataSource.cpp">
      <Filter>Source Files</Filter>
    </ClCompile>
    <ClCompile Include="TableElement.cpp">
      <Filter>Source Files</Filter>
    </ClCompile>
    <ClCompile Include="TableRow.cpp">
      <Filter>Source Files</Filter>
    </ClCompile>
    <ClCompile Include="TableRowElement.cpp">
      <Filter>Source Files</Filter>
    </ClCompile>
    <ClCompile Include="TextElement.cpp">
      <Filter>Source Files</Filter>
    </ClCompile>
    <ClCompile Include="TitleElement.cpp">
      <Filter>Source Files</Filter>
    </ClCompile>
    <ClCompile Include="TopListView.cpp">
      <Filter>Source Files</Filter>
    </ClCompile>
    <ClCompile Include="TreeAdapter.cpp">
      <Filter>Source Files</Filter>
    </ClCompile>
    <ClCompile Include="TreeItem.cpp">
      <Filter>Source Files</Filter>
    </ClCompile>
    <ClCompile Include="TreeViewElement.cpp">
      <Filter>Source Files</Filter>
    </ClCompile>
    <ClCompile Include="Uri.cpp">
      <Filter>Source Files</Filter>
    </ClCompile>
    <ClCompile Include="UserView.cpp">
      <Filter>Source Files</Filter>
    </ClCompile>
    <ClCompile Include="VBox.cpp">
      <Filter>Source Files</Filter>
    </ClCompile>
    <ClCompile Include="VBoxElement.cpp">
      <Filter>Source Files</Filter>
    </ClCompile>
    <ClCompile Include="WhatsNewView.cpp">
      <Filter>Source Files</Filter>
    </ClCompile>
    <ClCompile Include="ViewElement.cpp">
      <Filter>Source Files</Filter>
    </ClCompile>
    <ClCompile Include="ViewStackElement.cpp">
      <Filter>Source Files</Filter>
    </ClCompile>
    <ClCompile Include="Win32GraphicsContext.cpp">
      <Filter>Source Files</Filter>
    </ClCompile>
    <ClCompile Include="WindowElement.cpp">
      <Filter>Source Files</Filter>
    </ClCompile>
  </ItemGroup>
  <ItemGroup>
    <ResourceCompile Include="Feyler.rc">
      <Filter>Resource Files</Filter>
    </ResourceCompile>
  </ItemGroup>
  <ItemGroup>
    <Image Include="small.ico">
      <Filter>Resource Files</Filter>
    </Image>
    <Image Include="Feyler.ico">
      <Filter>Resource Files</Filter>
    </Image>
  </ItemGroup>
  <ItemGroup>
    <None Include="Spoyler.depend" />
  </ItemGroup>
</Project>